// !$*UTF8*$!
{
	archiveVersion = 1;
	classes = {
	};
	objectVersion = 55;
	objects = {

/* Begin PBXBuildFile section */
		7840BC3E07FE7D10E3CA46D1 /* Pods_Sample_Boltech.framework in Frameworks */ = {isa = PBXBuildFile; fileRef = E3C5C04B872A122920B2D118 /* Pods_Sample_Boltech.framework */; };
		A305D9BD28325FE60008F603 /* AppDelegate.swift in Sources */ = {isa = PBXBuildFile; fileRef = A305D9BC28325FE60008F603 /* AppDelegate.swift */; };
		A305D9BF28325FE60008F603 /* SceneDelegate.swift in Sources */ = {isa = PBXBuildFile; fileRef = A305D9BE28325FE60008F603 /* SceneDelegate.swift */; };
		A305D9C128325FE60008F603 /* ViewController.swift in Sources */ = {isa = PBXBuildFile; fileRef = A305D9C028325FE60008F603 /* ViewController.swift */; };
		A305D9C428325FE60008F603 /* Main.storyboard in Resources */ = {isa = PBXBuildFile; fileRef = A305D9C228325FE60008F603 /* Main.storyboard */; };
		A305D9C628325FE70008F603 /* Assets.xcassets in Resources */ = {isa = PBXBuildFile; fileRef = A305D9C528325FE70008F603 /* Assets.xcassets */; };
		A305D9C928325FE70008F603 /* LaunchScreen.storyboard in Resources */ = {isa = PBXBuildFile; fileRef = A305D9C728325FE70008F603 /* LaunchScreen.storyboard */; };
		A305D9D1283266820008F603 /* Auth0.plist in Resources */ = {isa = PBXBuildFile; fileRef = A305D9D0283266820008F603 /* Auth0.plist */; };
		A305D9D3283385080008F603 /* HomeViewController.swift in Sources */ = {isa = PBXBuildFile; fileRef = A305D9D2283385080008F603 /* HomeViewController.swift */; };
/* End PBXBuildFile section */

/* Begin PBXFileReference section */
		87E9F6D6763B7D3D6CCE4A61 /* Pods-Sample Boltech.debug.xcconfig */ = {isa = PBXFileReference; includeInIndex = 1; lastKnownFileType = text.xcconfig; name = "Pods-Sample Boltech.debug.xcconfig"; path = "Target Support Files/Pods-Sample Boltech/Pods-Sample Boltech.debug.xcconfig"; sourceTree = "<group>"; };
		A305D9B928325FE60008F603 /* Sample Boltech.app */ = {isa = PBXFileReference; explicitFileType = wrapper.application; includeInIndex = 0; path = "Sample Boltech.app"; sourceTree = BUILT_PRODUCTS_DIR; };
		A305D9BC28325FE60008F603 /* AppDelegate.swift */ = {isa = PBXFileReference; lastKnownFileType = sourcecode.swift; path = AppDelegate.swift; sourceTree = "<group>"; };
		A305D9BE28325FE60008F603 /* SceneDelegate.swift */ = {isa = PBXFileReference; lastKnownFileType = sourcecode.swift; path = SceneDelegate.swift; sourceTree = "<group>"; };
		A305D9C028325FE60008F603 /* ViewController.swift */ = {isa = PBXFileReference; lastKnownFileType = sourcecode.swift; path = ViewController.swift; sourceTree = "<group>"; };
		A305D9C328325FE60008F603 /* Base */ = {isa = PBXFileReference; lastKnownFileType = file.storyboard; name = Base; path = Base.lproj/Main.storyboard; sourceTree = "<group>"; };
		A305D9C528325FE70008F603 /* Assets.xcassets */ = {isa = PBXFileReference; lastKnownFileType = folder.assetcatalog; path = Assets.xcassets; sourceTree = "<group>"; };
		A305D9C828325FE70008F603 /* Base */ = {isa = PBXFileReference; lastKnownFileType = file.storyboard; name = Base; path = Base.lproj/LaunchScreen.storyboard; sourceTree = "<group>"; };
		A305D9CA28325FE70008F603 /* Info.plist */ = {isa = PBXFileReference; lastKnownFileType = text.plist.xml; path = Info.plist; sourceTree = "<group>"; };
		A305D9D0283266820008F603 /* Auth0.plist */ = {isa = PBXFileReference; lastKnownFileType = text.plist.xml; path = Auth0.plist; sourceTree = "<group>"; };
		A305D9D2283385080008F603 /* HomeViewController.swift */ = {isa = PBXFileReference; lastKnownFileType = sourcecode.swift; path = HomeViewController.swift; sourceTree = "<group>"; };
		DE6349BA5FF4B2B486E5885F /* Pods-Sample Boltech.release.xcconfig */ = {isa = PBXFileReference; includeInIndex = 1; lastKnownFileType = text.xcconfig; name = "Pods-Sample Boltech.release.xcconfig"; path = "Target Support Files/Pods-Sample Boltech/Pods-Sample Boltech.release.xcconfig"; sourceTree = "<group>"; };
		E3C5C04B872A122920B2D118 /* Pods_Sample_Boltech.framework */ = {isa = PBXFileReference; explicitFileType = wrapper.framework; includeInIndex = 0; path = Pods_Sample_Boltech.framework; sourceTree = BUILT_PRODUCTS_DIR; };
/* End PBXFileReference section */

/* Begin PBXFrameworksBuildPhase section */
		A305D9B628325FE60008F603 /* Frameworks */ = {
			isa = PBXFrameworksBuildPhase;
			buildActionMask = 2147483647;
			files = (
				7840BC3E07FE7D10E3CA46D1 /* Pods_Sample_Boltech.framework in Frameworks */,
			);
			runOnlyForDeploymentPostprocessing = 0;
		};
/* End PBXFrameworksBuildPhase section */

/* Begin PBXGroup section */
		822F296CA6178A7A2CDFA2B7 /* Frameworks */ = {
			isa = PBXGroup;
			children = (
				E3C5C04B872A122920B2D118 /* Pods_Sample_Boltech.framework */,
			);
			name = Frameworks;
			sourceTree = "<group>";
		};
		A305D9B028325FE60008F603 = {
			isa = PBXGroup;
			children = (
				A305D9BB28325FE60008F603 /* Sample Boltech */,
				A305D9BA28325FE60008F603 /* Products */,
				D8EBC290E44B47A17B143F5B /* Pods */,
				822F296CA6178A7A2CDFA2B7 /* Frameworks */,
			);
			sourceTree = "<group>";
		};
		A305D9BA28325FE60008F603 /* Products */ = {
			isa = PBXGroup;
			children = (
				A305D9B928325FE60008F603 /* Sample Boltech.app */,
			);
			name = Products;
			sourceTree = "<group>";
		};
		A305D9BB28325FE60008F603 /* Sample Boltech */ = {
			isa = PBXGroup;
			children = (
				A305D9BC28325FE60008F603 /* AppDelegate.swift */,
				A305D9BE28325FE60008F603 /* SceneDelegate.swift */,
				A305D9C028325FE60008F603 /* ViewController.swift */,
				A305D9C228325FE60008F603 /* Main.storyboard */,
				A305D9C528325FE70008F603 /* Assets.xcassets */,
				A305D9C728325FE70008F603 /* LaunchScreen.storyboard */,
				A305D9CA28325FE70008F603 /* Info.plist */,
				A305D9D0283266820008F603 /* Auth0.plist */,
				A305D9D2283385080008F603 /* HomeViewController.swift */,
			);
			path = "Sample Boltech";
			sourceTree = "<group>";
		};
		D8EBC290E44B47A17B143F5B /* Pods */ = {
			isa = PBXGroup;
			children = (
				87E9F6D6763B7D3D6CCE4A61 /* Pods-Sample Boltech.debug.xcconfig */,
				DE6349BA5FF4B2B486E5885F /* Pods-Sample Boltech.release.xcconfig */,
			);
			path = Pods;
			sourceTree = "<group>";
		};
/* End PBXGroup section */

/* Begin PBXNativeTarget section */
		A305D9B828325FE60008F603 /* Sample Boltech */ = {
			isa = PBXNativeTarget;
			buildConfigurationList = A305D9CD28325FE70008F603 /* Build configuration list for PBXNativeTarget "Sample Boltech" */;
			buildPhases = (
				28345A18C79B044323884D2F /* [CP] Check Pods Manifest.lock */,
				A305D9B528325FE60008F603 /* Sources */,
				A305D9B628325FE60008F603 /* Frameworks */,
				A305D9B728325FE60008F603 /* Resources */,
				A6F7F620B7A5646B569A4BEB /* [CP] Embed Pods Frameworks */,
			);
			buildRules = (
			);
			dependencies = (
			);
			name = "Sample Boltech";
			productName = "Sample Boltech";
			productReference = A305D9B928325FE60008F603 /* Sample Boltech.app */;
			productType = "com.apple.product-type.application";
		};
/* End PBXNativeTarget section */

/* Begin PBXProject section */
		A305D9B128325FE60008F603 /* Project object */ = {
			isa = PBXProject;
			attributes = {
				BuildIndependentTargetsInParallel = 1;
				LastSwiftUpdateCheck = 1300;
				LastUpgradeCheck = 1300;
				TargetAttributes = {
					A305D9B828325FE60008F603 = {
						CreatedOnToolsVersion = 13.0;
					};
				};
			};
			buildConfigurationList = A305D9B428325FE60008F603 /* Build configuration list for PBXProject "Sample Boltech" */;
			compatibilityVersion = "Xcode 13.0";
			developmentRegion = en;
			hasScannedForEncodings = 0;
			knownRegions = (
				en,
				Base,
			);
			mainGroup = A305D9B028325FE60008F603;
			productRefGroup = A305D9BA28325FE60008F603 /* Products */;
			projectDirPath = "";
			projectRoot = "";
			targets = (
				A305D9B828325FE60008F603 /* Sample Boltech */,
			);
		};
/* End PBXProject section */

/* Begin PBXResourcesBuildPhase section */
		A305D9B728325FE60008F603 /* Resources */ = {
			isa = PBXResourcesBuildPhase;
			buildActionMask = 2147483647;
			files = (
				A305D9C928325FE70008F603 /* LaunchScreen.storyboard in Resources */,
				A305D9C628325FE70008F603 /* Assets.xcassets in Resources */,
				A305D9C428325FE60008F603 /* Main.storyboard in Resources */,
				A305D9D1283266820008F603 /* Auth0.plist in Resources */,
			);
			runOnlyForDeploymentPostprocessing = 0;
		};
/* End PBXResourcesBuildPhase section */

/* Begin PBXShellScriptBuildPhase section */
		28345A18C79B044323884D2F /* [CP] Check Pods Manifest.lock */ = {
			isa = PBXShellScriptBuildPhase;
			buildActionMask = 2147483647;
			files = (
			);
			inputFileListPaths = (
			);
			inputPaths = (
				"${PODS_PODFILE_DIR_PATH}/Podfile.lock",
				"${PODS_ROOT}/Manifest.lock",
			);
			name = "[CP] Check Pods Manifest.lock";
			outputFileListPaths = (
			);
			outputPaths = (
				"$(DERIVED_FILE_DIR)/Pods-Sample Boltech-checkManifestLockResult.txt",
			);
			runOnlyForDeploymentPostprocessing = 0;
			shellPath = /bin/sh;
			shellScript = "diff \"${PODS_PODFILE_DIR_PATH}/Podfile.lock\" \"${PODS_ROOT}/Manifest.lock\" > /dev/null\nif [ $? != 0 ] ; then\n    # print error to STDERR\n    echo \"error: The sandbox is not in sync with the Podfile.lock. Run 'pod install' or update your CocoaPods installation.\" >&2\n    exit 1\nfi\n# This output is used by Xcode 'outputs' to avoid re-running this script phase.\necho \"SUCCESS\" > \"${SCRIPT_OUTPUT_FILE_0}\"\n";
			showEnvVarsInLog = 0;
		};
		A6F7F620B7A5646B569A4BEB /* [CP] Embed Pods Frameworks */ = {
			isa = PBXShellScriptBuildPhase;
			buildActionMask = 2147483647;
			files = (
			);
			inputFileListPaths = (
				"${PODS_ROOT}/Target Support Files/Pods-Sample Boltech/Pods-Sample Boltech-frameworks-${CONFIGURATION}-input-files.xcfilelist",
			);
			name = "[CP] Embed Pods Frameworks";
			outputFileListPaths = (
				"${PODS_ROOT}/Target Support Files/Pods-Sample Boltech/Pods-Sample Boltech-frameworks-${CONFIGURATION}-output-files.xcfilelist",
			);
			runOnlyForDeploymentPostprocessing = 0;
			shellPath = /bin/sh;
			shellScript = "\"${PODS_ROOT}/Target Support Files/Pods-Sample Boltech/Pods-Sample Boltech-frameworks.sh\"\n";
			showEnvVarsInLog = 0;
		};
/* End PBXShellScriptBuildPhase section */

/* Begin PBXSourcesBuildPhase section */
		A305D9B528325FE60008F603 /* Sources */ = {
			isa = PBXSourcesBuildPhase;
			buildActionMask = 2147483647;
			files = (
				A305D9C128325FE60008F603 /* ViewController.swift in Sources */,
				A305D9BD28325FE60008F603 /* AppDelegate.swift in Sources */,
				A305D9BF28325FE60008F603 /* SceneDelegate.swift in Sources */,
				A305D9D3283385080008F603 /* HomeViewController.swift in Sources */,
			);
			runOnlyForDeploymentPostprocessing = 0;
		};
/* End PBXSourcesBuildPhase section */

/* Begin PBXVariantGroup section */
		A305D9C228325FE60008F603 /* Main.storyboard */ = {
			isa = PBXVariantGroup;
			children = (
				A305D9C328325FE60008F603 /* Base */,
			);
			name = Main.storyboard;
			sourceTree = "<group>";
		};
		A305D9C728325FE70008F603 /* LaunchScreen.storyboard */ = {
			isa = PBXVariantGroup;
			children = (
				A305D9C828325FE70008F603 /* Base */,
			);
			name = LaunchScreen.storyboard;
			sourceTree = "<group>";
		};
/* End PBXVariantGroup section */

/* Begin XCBuildConfiguration section */
		A305D9CB28325FE70008F603 /* Debug */ = {
			isa = XCBuildConfiguration;
			buildSettings = {
				ALWAYS_SEARCH_USER_PATHS = NO;
				CLANG_ANALYZER_NONNULL = YES;
				CLANG_ANALYZER_NUMBER_OBJECT_CONVERSION = YES_AGGRESSIVE;
				CLANG_CXX_LANGUAGE_STANDARD = "gnu++17";
				CLANG_CXX_LIBRARY = "libc++";
				CLANG_ENABLE_MODULES = YES;
				CLANG_ENABLE_OBJC_ARC = YES;
				CLANG_ENABLE_OBJC_WEAK = YES;
				CLANG_WARN_BLOCK_CAPTURE_AUTORELEASING = YES;
				CLANG_WARN_BOOL_CONVERSION = YES;
				CLANG_WARN_COMMA = YES;
				CLANG_WARN_CONSTANT_CONVERSION = YES;
				CLANG_WARN_DEPRECATED_OBJC_IMPLEMENTATIONS = YES;
				CLANG_WARN_DIRECT_OBJC_ISA_USAGE = YES_ERROR;
				CLANG_WARN_DOCUMENTATION_COMMENTS = YES;
				CLANG_WARN_EMPTY_BODY = YES;
				CLANG_WARN_ENUM_CONVERSION = YES;
				CLANG_WARN_INFINITE_RECURSION = YES;
				CLANG_WARN_INT_CONVERSION = YES;
				CLANG_WARN_NON_LITERAL_NULL_CONVERSION = YES;
				CLANG_WARN_OBJC_IMPLICIT_RETAIN_SELF = YES;
				CLANG_WARN_OBJC_LITERAL_CONVERSION = YES;
				CLANG_WARN_OBJC_ROOT_CLASS = YES_ERROR;
				CLANG_WARN_QUOTED_INCLUDE_IN_FRAMEWORK_HEADER = YES;
				CLANG_WARN_RANGE_LOOP_ANALYSIS = YES;
				CLANG_WARN_STRICT_PROTOTYPES = YES;
				CLANG_WARN_SUSPICIOUS_MOVE = YES;
				CLANG_WARN_UNGUARDED_AVAILABILITY = YES_AGGRESSIVE;
				CLANG_WARN_UNREACHABLE_CODE = YES;
				CLANG_WARN__DUPLICATE_METHOD_MATCH = YES;
				COPY_PHASE_STRIP = NO;
				DEBUG_INFORMATION_FORMAT = dwarf;
				ENABLE_STRICT_OBJC_MSGSEND = YES;
				ENABLE_TESTABILITY = YES;
				GCC_C_LANGUAGE_STANDARD = gnu11;
				GCC_DYNAMIC_NO_PIC = NO;
				GCC_NO_COMMON_BLOCKS = YES;
				GCC_OPTIMIZATION_LEVEL = 0;
				GCC_PREPROCESSOR_DEFINITIONS = (
					"DEBUG=1",
					"$(inherited)",
				);
				GCC_WARN_64_TO_32_BIT_CONVERSION = YES;
				GCC_WARN_ABOUT_RETURN_TYPE = YES_ERROR;
				GCC_WARN_UNDECLARED_SELECTOR = YES;
				GCC_WARN_UNINITIALIZED_AUTOS = YES_AGGRESSIVE;
				GCC_WARN_UNUSED_FUNCTION = YES;
				GCC_WARN_UNUSED_VARIABLE = YES;
				IPHONEOS_DEPLOYMENT_TARGET = 15.0;
				MTL_ENABLE_DEBUG_INFO = INCLUDE_SOURCE;
				MTL_FAST_MATH = YES;
				ONLY_ACTIVE_ARCH = YES;
				SDKROOT = iphoneos;
				SWIFT_ACTIVE_COMPILATION_CONDITIONS = DEBUG;
				SWIFT_OPTIMIZATION_LEVEL = "-Onone";
			};
			name = Debug;
		};
		A305D9CC28325FE70008F603 /* Release */ = {
			isa = XCBuildConfiguration;
			buildSettings = {
				ALWAYS_SEARCH_USER_PATHS = NO;
				CLANG_ANALYZER_NONNULL = YES;
				CLANG_ANALYZER_NUMBER_OBJECT_CONVERSION = YES_AGGRESSIVE;
				CLANG_CXX_LANGUAGE_STANDARD = "gnu++17";
				CLANG_CXX_LIBRARY = "libc++";
				CLANG_ENABLE_MODULES = YES;
				CLANG_ENABLE_OBJC_ARC = YES;
				CLANG_ENABLE_OBJC_WEAK = YES;
				CLANG_WARN_BLOCK_CAPTURE_AUTORELEASING = YES;
				CLANG_WARN_BOOL_CONVERSION = YES;
				CLANG_WARN_COMMA = YES;
				CLANG_WARN_CONSTANT_CONVERSION = YES;
				CLANG_WARN_DEPRECATED_OBJC_IMPLEMENTATIONS = YES;
				CLANG_WARN_DIRECT_OBJC_ISA_USAGE = YES_ERROR;
				CLANG_WARN_DOCUMENTATION_COMMENTS = YES;
				CLANG_WARN_EMPTY_BODY = YES;
				CLANG_WARN_ENUM_CONVERSION = YES;
				CLANG_WARN_INFINITE_RECURSION = YES;
				CLANG_WARN_INT_CONVERSION = YES;
				CLANG_WARN_NON_LITERAL_NULL_CONVERSION = YES;
				CLANG_WARN_OBJC_IMPLICIT_RETAIN_SELF = YES;
				CLANG_WARN_OBJC_LITERAL_CONVERSION = YES;
				CLANG_WARN_OBJC_ROOT_CLASS = YES_ERROR;
				CLANG_WARN_QUOTED_INCLUDE_IN_FRAMEWORK_HEADER = YES;
				CLANG_WARN_RANGE_LOOP_ANALYSIS = YES;
				CLANG_WARN_STRICT_PROTOTYPES = YES;
				CLANG_WARN_SUSPICIOUS_MOVE = YES;
				CLANG_WARN_UNGUARDED_AVAILABILITY = YES_AGGRESSIVE;
				CLANG_WARN_UNREACHABLE_CODE = YES;
				CLANG_WARN__DUPLICATE_METHOD_MATCH = YES;
				COPY_PHASE_STRIP = NO;
				DEBUG_INFORMATION_FORMAT = "dwarf-with-dsym";
				ENABLE_NS_ASSERTIONS = NO;
				ENABLE_STRICT_OBJC_MSGSEND = YES;
				GCC_C_LANGUAGE_STANDARD = gnu11;
				GCC_NO_COMMON_BLOCKS = YES;
				GCC_WARN_64_TO_32_BIT_CONVERSION = YES;
				GCC_WARN_ABOUT_RETURN_TYPE = YES_ERROR;
				GCC_WARN_UNDECLARED_SELECTOR = YES;
				GCC_WARN_UNINITIALIZED_AUTOS = YES_AGGRESSIVE;
				GCC_WARN_UNUSED_FUNCTION = YES;
				GCC_WARN_UNUSED_VARIABLE = YES;
				IPHONEOS_DEPLOYMENT_TARGET = 15.0;
				MTL_ENABLE_DEBUG_INFO = NO;
				MTL_FAST_MATH = YES;
				SDKROOT = iphoneos;
				SWIFT_COMPILATION_MODE = wholemodule;
				SWIFT_OPTIMIZATION_LEVEL = "-O";
				VALIDATE_PRODUCT = YES;
			};
			name = Release;
		};
		A305D9CE28325FE70008F603 /* Debug */ = {
			isa = XCBuildConfiguration;
			baseConfigurationReference = 87E9F6D6763B7D3D6CCE4A61 /* Pods-Sample Boltech.debug.xcconfig */;
			buildSettings = {
				ASSETCATALOG_COMPILER_APPICON_NAME = AppIcon;
				ASSETCATALOG_COMPILER_GLOBAL_ACCENT_COLOR_NAME = AccentColor;
				CODE_SIGN_STYLE = Manual;
				CURRENT_PROJECT_VERSION = 1;
				DEVELOPMENT_TEAM = "";
				GENERATE_INFOPLIST_FILE = YES;
				INFOPLIST_FILE = "Sample Boltech/Info.plist";
				INFOPLIST_KEY_UIApplicationSupportsIndirectInputEvents = YES;
				INFOPLIST_KEY_UILaunchStoryboardName = LaunchScreen;
				INFOPLIST_KEY_UIMainStoryboardFile = Main;
				INFOPLIST_KEY_UISupportedInterfaceOrientations_iPad = "UIInterfaceOrientationPortrait UIInterfaceOrientationPortraitUpsideDown UIInterfaceOrientationLandscapeLeft UIInterfaceOrientationLandscapeRight";
				INFOPLIST_KEY_UISupportedInterfaceOrientations_iPhone = "UIInterfaceOrientationPortrait UIInterfaceOrientationLandscapeLeft UIInterfaceOrientationLandscapeRight";
				LD_RUNPATH_SEARCH_PATHS = (
					"$(inherited)",
					"@executable_path/Frameworks",
				);
				MARKETING_VERSION = 1.0;
				PRODUCT_BUNDLE_IDENTIFIER = com.company.myapp;
				PRODUCT_NAME = "$(TARGET_NAME)";
				PROVISIONING_PROFILE_SPECIFIER = "";
				SWIFT_EMIT_LOC_STRINGS = YES;
				SWIFT_VERSION = 5.0;
				TARGETED_DEVICE_FAMILY = "1,2";
			};
			name = Debug;
		};
		A305D9CF28325FE70008F603 /* Release */ = {
			isa = XCBuildConfiguration;
			baseConfigurationReference = DE6349BA5FF4B2B486E5885F /* Pods-Sample Boltech.release.xcconfig */;
			buildSettings = {
				ASSETCATALOG_COMPILER_APPICON_NAME = AppIcon;
				ASSETCATALOG_COMPILER_GLOBAL_ACCENT_COLOR_NAME = AccentColor;
				CODE_SIGN_STYLE = Automatic;
				CURRENT_PROJECT_VERSION = 1;
				DEVELOPMENT_TEAM = 9F74DV2E79;
				GENERATE_INFOPLIST_FILE = YES;
				INFOPLIST_FILE = "Sample Boltech/Info.plist";
				INFOPLIST_KEY_UIApplicationSupportsIndirectInputEvents = YES;
				INFOPLIST_KEY_UILaunchStoryboardName = LaunchScreen;
				INFOPLIST_KEY_UIMainStoryboardFile = Main;
				INFOPLIST_KEY_UISupportedInterfaceOrientations_iPad = "UIInterfaceOrientationPortrait UIInterfaceOrientationPortraitUpsideDown UIInterfaceOrientationLandscapeLeft UIInterfaceOrientationLandscapeRight";
				INFOPLIST_KEY_UISupportedInterfaceOrientations_iPhone = "UIInterfaceOrientationPortrait UIInterfaceOrientationLandscapeLeft UIInterfaceOrientationLandscapeRight";
				LD_RUNPATH_SEARCH_PATHS = (
					"$(inherited)",
					"@executable_path/Frameworks",
				);
				MARKETING_VERSION = 1.0;
				PRODUCT_BUNDLE_IDENTIFIER = com.company.myapp;
				PRODUCT_NAME = "$(TARGET_NAME)";
				SWIFT_EMIT_LOC_STRINGS = YES;
				SWIFT_VERSION = 5.0;
				TARGETED_DEVICE_FAMILY = "1,2";
			};
			name = Release;
		};
/* End XCBuildConfiguration section */

/* Begin XCConfigurationList section */
		A305D9B428325FE60008F603 /* Build configuration list for PBXProject "Sample Boltech" */ = {
			isa = XCConfigurationList;
			buildConfigurations = (
				A305D9CB28325FE70008F603 /* Debug */,
				A305D9CC28325FE70008F603 /* Release */,
			);
			defaultConfigurationIsVisible = 0;
			defaultConfigurationName = Release;
		};
		A305D9CD28325FE70008F603 /* Build configuration list for PBXNativeTarget "Sample Boltech" */ = {
			isa = XCConfigurationList;
			buildConfigurations = (
				A305D9CE28325FE70008F603 /* Debug */,
				A305D9CF28325FE70008F603 /* Release */,
			);
			defaultConfigurationIsVisible = 0;
			defaultConfigurationName = Release;
		};
/* End XCConfigurationList section */
	};
	rootObject = A305D9B128325FE60008F603 /* Project object */;
}
